{
  "name": "fivem-mysql-async-ts",
  "version": "0.1.0",
  "lockfileVersion": 1,
  "requires": true,
  "dependencies": {
    "@citizenfx/server": {
      "version": "1.0.2328-1",
      "resolved": "https://registry.npmjs.org/@citizenfx/server/-/server-1.0.2328-1.tgz",
      "integrity": "sha512-yI3GC22Al/rQiBa7cCgsdyf05yVgcsHmWSU63kawvUQoYosbTvKf6GqJH0LXd2yqqoqPorQgsLYAvqg89zZjbg=="
    }
  }
}
